
Microsoft Visual Studio Solution File, Format Version 12.00
# Visual Studio Version 16
VisualStudioVersion = 16.0.29613.14
MinimumVisualStudioVersion = 10.0.40219.1
Project("{FAE04EC0-301F-11D3-BF4B-00C04F79EFBC}") = "Fitness.BL", "Fitness.BL\Fitness.BL.csproj", "{9145EBB8-62F6-4F12-9F3B-60FDA758DB8A}"
EndProject
Project("{FAE04EC0-301F-11D3-BF4B-00C04F79EFBC}") = "Fitness.CMD", "Fitness.CMD\Fitness.CMD.csproj", "{E8525960-95E8-42DF-A27D-6FB35AE20EDE}"
EndProject
Global
	GlobalSection(SolutionConfigurationPlatforms) = preSolution
		Debug|Any CPU = Debug|Any CPU
		Release|Any CPU = Release|Any CPU
	EndGlobalSection
	GlobalSection(ProjectConfigurationPlatforms) = postSolution
		{9145EBB8-62F6-4F12-9F3B-60FDA758DB8A}.Debug|Any CPU.ActiveCfg = Debug|Any CPU
		{9145EBB8-62F6-4F12-9F3B-60FDA758DB8A}.Debug|Any CPU.Build.0 = Debug|Any CPU
		{9145EBB8-62F6-4F12-9F3B-60FDA758DB8A}.Release|Any CPU.ActiveCfg = Release|Any CPU
		{9145EBB8-62F6-4F12-9F3B-60FDA758DB8A}.Release|Any CPU.Build.0 = Release|Any CPU
		{E8525960-95E8-42DF-A27D-6FB35AE20EDE}.Debug|Any CPU.ActiveCfg = Debug|Any CPU
		{E8525960-95E8-42DF-A27D-6FB35AE20EDE}.Debug|Any CPU.Build.0 = Debug|Any CPU
		{E8525960-95E8-42DF-A27D-6FB35AE20EDE}.Release|Any CPU.ActiveCfg = Release|Any CPU
		{E8525960-95E8-42DF-A27D-6FB35AE20EDE}.Release|Any CPU.Build.0 = Release|Any CPU
	EndGlobalSection
	GlobalSection(SolutionProperties) = preSolution
		HideSolutionNode = FALSE
	EndGlobalSection
	GlobalSection(ExtensibilityGlobals) = postSolution
		SolutionGuid = {95370982-D4E5-4085-8EE8-B2DC62036119}
	EndGlobalSection
EndGlobal
